// !$*UTF8*$!
{
	archiveVersion = 1;
	classes = {
	};
	objectVersion = 55;
	objects = {

/* Begin PBXBuildFile section */
		E804F8BA2956F37600815E20 /* AppDelegate.swift in Sources */ = {isa = PBXBuildFile; fileRef = E804F8B92956F37600815E20 /* AppDelegate.swift */; };
		E804F8BC2956F37600815E20 /* SceneDelegate.swift in Sources */ = {isa = PBXBuildFile; fileRef = E804F8BB2956F37600815E20 /* SceneDelegate.swift */; };
		E804F8BE2956F37600815E20 /* ViewController.swift in Sources */ = {isa = PBXBuildFile; fileRef = E804F8BD2956F37600815E20 /* ViewController.swift */; };
		E804F8C12956F37600815E20 /* Main.storyboard in Resources */ = {isa = PBXBuildFile; fileRef = E804F8BF2956F37600815E20 /* Main.storyboard */; };
		E804F8C32956F37800815E20 /* Assets.xcassets in Resources */ = {isa = PBXBuildFile; fileRef = E804F8C22956F37800815E20 /* Assets.xcassets */; };
		E804F8C62956F37800815E20 /* LaunchScreen.storyboard in Resources */ = {isa = PBXBuildFile; fileRef = E804F8C42956F37800815E20 /* LaunchScreen.storyboard */; };
		E804F8CE2956F40C00815E20 /* Button.swift in Sources */ = {isa = PBXBuildFile; fileRef = E804F8CD2956F40C00815E20 /* Button.swift */; };
		E804F8D02956F41C00815E20 /* View.swift in Sources */ = {isa = PBXBuildFile; fileRef = E804F8CF2956F41C00815E20 /* View.swift */; };
/* End PBXBuildFile section */

/* Begin PBXFileReference section */
		E804F8B62956F37600815E20 /* CALayer_MaskDemo_SwiftBook.app */ = {isa = PBXFileReference; explicitFileType = wrapper.application; includeInIndex = 0; path = CALayer_MaskDemo_SwiftBook.app; sourceTree = BUILT_PRODUCTS_DIR; };
		E804F8B92956F37600815E20 /* AppDelegate.swift */ = {isa = PBXFileReference; lastKnownFileType = sourcecode.swift; path = AppDelegate.swift; sourceTree = "<group>"; };
		E804F8BB2956F37600815E20 /* SceneDelegate.swift */ = {isa = PBXFileReference; lastKnownFileType = sourcecode.swift; path = SceneDelegate.swift; sourceTree = "<group>"; };
		E804F8BD2956F37600815E20 /* ViewController.swift */ = {isa = PBXFileReference; lastKnownFileType = sourcecode.swift; path = ViewController.swift; sourceTree = "<group>"; };
		E804F8C02956F37600815E20 /* Base */ = {isa = PBXFileReference; lastKnownFileType = file.storyboard; name = Base; path = Base.lproj/Main.storyboard; sourceTree = "<group>"; };
		E804F8C22956F37800815E20 /* Assets.xcassets */ = {isa = PBXFileReference; lastKnownFileType = folder.assetcatalog; path = Assets.xcassets; sourceTree = "<group>"; };
		E804F8C52956F37800815E20 /* Base */ = {isa = PBXFileReference; lastKnownFileType = file.storyboard; name = Base; path = Base.lproj/LaunchScreen.storyboard; sourceTree = "<group>"; };
		E804F8C72956F37800815E20 /* Info.plist */ = {isa = PBXFileReference; lastKnownFileType = text.plist.xml; path = Info.plist; sourceTree = "<group>"; };
		E804F8CD2956F40C00815E20 /* Button.swift */ = {isa = PBXFileReference; lastKnownFileType = sourcecode.swift; path = Button.swift; sourceTree = "<group>"; };
		E804F8CF2956F41C00815E20 /* View.swift */ = {isa = PBXFileReference; lastKnownFileType = sourcecode.swift; path = View.swift; sourceTree = "<group>"; };
/* End PBXFileReference section */

/* Begin PBXFrameworksBuildPhase section */
		E804F8B32956F37600815E20 /* Frameworks */ = {
			isa = PBXFrameworksBuildPhase;
			buildActionMask = 2147483647;
			files = (
			);
			runOnlyForDeploymentPostprocessing = 0;
		};
/* End PBXFrameworksBuildPhase section */

/* Begin PBXGroup section */
		E804F8AD2956F37600815E20 = {
			isa = PBXGroup;
			children = (
				E804F8B82956F37600815E20 /* CALayer_MaskDemo_SwiftBook */,
				E804F8B72956F37600815E20 /* Products */,
			);
			sourceTree = "<group>";
		};
		E804F8B72956F37600815E20 /* Products */ = {
			isa = PBXGroup;
			children = (
				E804F8B62956F37600815E20 /* CALayer_MaskDemo_SwiftBook.app */,
			);
			name = Products;
			sourceTree = "<group>";
		};
		E804F8B82956F37600815E20 /* CALayer_MaskDemo_SwiftBook */ = {
			isa = PBXGroup;
			children = (
				E804F8B92956F37600815E20 /* AppDelegate.swift */,
				E804F8BB2956F37600815E20 /* SceneDelegate.swift */,
				E804F8BD2956F37600815E20 /* ViewController.swift */,
				E804F8BF2956F37600815E20 /* Main.storyboard */,
				E804F8CF2956F41C00815E20 /* View.swift */,
				E804F8CD2956F40C00815E20 /* Button.swift */,
				E804F8C22956F37800815E20 /* Assets.xcassets */,
				E804F8C42956F37800815E20 /* LaunchScreen.storyboard */,
				E804F8C72956F37800815E20 /* Info.plist */,
			);
			path = CALayer_MaskDemo_SwiftBook;
			sourceTree = "<group>";
		};
/* End PBXGroup section */

/* Begin PBXNativeTarget section */
		E804F8B52956F37600815E20 /* CALayer_MaskDemo_SwiftBook */ = {
			isa = PBXNativeTarget;
			buildConfigurationList = E804F8CA2956F37800815E20 /* Build configuration list for PBXNativeTarget "CALayer_MaskDemo_SwiftBook" */;
			buildPhases = (
				E804F8B22956F37600815E20 /* Sources */,
				E804F8B32956F37600815E20 /* Frameworks */,
				E804F8B42956F37600815E20 /* Resources */,
			);
			buildRules = (
			);
			dependencies = (
			);
			name = CALayer_MaskDemo_SwiftBook;
			productName = CALayer_MaskDemo_SwiftBook;
			productReference = E804F8B62956F37600815E20 /* CALayer_MaskDemo_SwiftBook.app */;
			productType = "com.apple.product-type.application";
		};
/* End PBXNativeTarget section */

/* Begin PBXProject section */
		E804F8AE2956F37600815E20 /* Project object */ = {
			isa = PBXProject;
			attributes = {
				BuildIndependentTargetsInParallel = 1;
				LastSwiftUpdateCheck = 1330;
				LastUpgradeCheck = 1330;
				TargetAttributes = {
					E804F8B52956F37600815E20 = {
						CreatedOnToolsVersion = 13.3;
					};
				};
			};
			buildConfigurationList = E804F8B12956F37600815E20 /* Build configuration list for PBXProject "CALayer_MaskDemo_SwiftBook" */;
			compatibilityVersion = "Xcode 13.0";
			developmentRegion = en;
			hasScannedForEncodings = 0;
			knownRegions = (
				en,
				Base,
			);
			mainGroup = E804F8AD2956F37600815E20;
			productRefGroup = E804F8B72956F37600815E20 /* Products */;
			projectDirPath = "";
			projectRoot = "";
			targets = (
				E804F8B52956F37600815E20 /* CALayer_MaskDemo_SwiftBook */,
			);
		};
/* End PBXProject section */

/* Begin PBXResourcesBuildPhase section */
		E804F8B42956F37600815E20 /* Resources */ = {
			isa = PBXResourcesBuildPhase;
			buildActionMask = 2147483647;
			files = (
				E804F8C62956F37800815E20 /* LaunchScreen.storyboard in Resources */,
				E804F8C32956F37800815E20 /* Assets.xcassets in Resources */,
				E804F8C12956F37600815E20 /* Main.storyboard in Resources */,
			);
			runOnlyForDeploymentPostprocessing = 0;
		};
/* End PBXResourcesBuildPhase section */

/* Begin PBXSourcesBuildPhase section */
		E804F8B22956F37600815E20 /* Sources */ = {
			isa = PBXSourcesBuildPhase;
			buildActionMask = 2147483647;
			files = (
				E804F8BE2956F37600815E20 /* ViewController.swift in Sources */,
				E804F8BA2956F37600815E20 /* AppDelegate.swift in Sources */,
				E804F8D02956F41C00815E20 /* View.swift in Sources */,
				E804F8BC2956F37600815E20 /* SceneDelegate.swift in Sources */,
				E804F8CE2956F40C00815E20 /* Button.swift in Sources */,
			);
			runOnlyForDeploymentPostprocessing = 0;
		};
/* End PBXSourcesBuildPhase section */

/* Begin PBXVariantGroup section */
		E804F8BF2956F37600815E20 /* Main.storyboard */ = {
			isa = PBXVariantGroup;
			children = (
				E804F8C02956F37600815E20 /* Base */,
			);
			name = Main.storyboard;
			sourceTree = "<group>";
		};
		E804F8C42956F37800815E20 /* LaunchScreen.storyboard */ = {
			isa = PBXVariantGroup;
			children = (
				E804F8C52956F37800815E20 /* Base */,
			);
			name = LaunchScreen.storyboard;
			sourceTree = "<group>";
		};
/* End PBXVariantGroup section */

/* Begin XCBuildConfiguration section */
		E804F8C82956F37800815E20 /* Debug */ = {
			isa = XCBuildConfiguration;
			buildSettings = {
				ALWAYS_SEARCH_USER_PATHS = NO;
				CLANG_ANALYZER_NONNULL = YES;
				CLANG_ANALYZER_NUMBER_OBJECT_CONVERSION = YES_AGGRESSIVE;
				CLANG_CXX_LANGUAGE_STANDARD = "gnu++17";
				CLANG_ENABLE_MODULES = YES;
				CLANG_ENABLE_OBJC_ARC = YES;
				CLANG_ENABLE_OBJC_WEAK = YES;
				CLANG_WARN_BLOCK_CAPTURE_AUTORELEASING = YES;
				CLANG_WARN_BOOL_CONVERSION = YES;
				CLANG_WARN_COMMA = YES;
				CLANG_WARN_CONSTANT_CONVERSION = YES;
				CLANG_WARN_DEPRECATED_OBJC_IMPLEMENTATIONS = YES;
				CLANG_WARN_DIRECT_OBJC_ISA_USAGE = YES_ERROR;
				CLANG_WARN_DOCUMENTATION_COMMENTS = YES;
				CLANG_WARN_EMPTY_BODY = YES;
				CLANG_WARN_ENUM_CONVERSION = YES;
				CLANG_WARN_INFINITE_RECURSION = YES;
				CLANG_WARN_INT_CONVERSION = YES;
				CLANG_WARN_NON_LITERAL_NULL_CONVERSION = YES;
				CLANG_WARN_OBJC_IMPLICIT_RETAIN_SELF = YES;
				CLANG_WARN_OBJC_LITERAL_CONVERSION = YES;
				CLANG_WARN_OBJC_ROOT_CLASS = YES_ERROR;
				CLANG_WARN_QUOTED_INCLUDE_IN_FRAMEWORK_HEADER = YES;
				CLANG_WARN_RANGE_LOOP_ANALYSIS = YES;
				CLANG_WARN_STRICT_PROTOTYPES = YES;
				CLANG_WARN_SUSPICIOUS_MOVE = YES;
				CLANG_WARN_UNGUARDED_AVAILABILITY = YES_AGGRESSIVE;
				CLANG_WARN_UNREACHABLE_CODE = YES;
				CLANG_WARN__DUPLICATE_METHOD_MATCH = YES;
				COPY_PHASE_STRIP = NO;
				DEBUG_INFORMATION_FORMAT = dwarf;
				ENABLE_STRICT_OBJC_MSGSEND = YES;
				ENABLE_TESTABILITY = YES;
				GCC_C_LANGUAGE_STANDARD = gnu11;
				GCC_DYNAMIC_NO_PIC = NO;
				GCC_NO_COMMON_BLOCKS = YES;
				GCC_OPTIMIZATION_LEVEL = 0;
				GCC_PREPROCESSOR_DEFINITIONS = (
					"DEBUG=1",
					"$(inherited)",
				);
				GCC_WARN_64_TO_32_BIT_CONVERSION = YES;
				GCC_WARN_ABOUT_RETURN_TYPE = YES_ERROR;
				GCC_WARN_UNDECLARED_SELECTOR = YES;
				GCC_WARN_UNINITIALIZED_AUTOS = YES_AGGRESSIVE;
				GCC_WARN_UNUSED_FUNCTION = YES;
				GCC_WARN_UNUSED_VARIABLE = YES;
				IPHONEOS_DEPLOYMENT_TARGET = 15.4;
				MTL_ENABLE_DEBUG_INFO = INCLUDE_SOURCE;
				MTL_FAST_MATH = YES;
				ONLY_ACTIVE_ARCH = YES;
				SDKROOT = iphoneos;
				SWIFT_ACTIVE_COMPILATION_CONDITIONS = DEBUG;
				SWIFT_OPTIMIZATION_LEVEL = "-Onone";
			};
			name = Debug;
		};
		E804F8C92956F37800815E20 /* Release */ = {
			isa = XCBuildConfiguration;
			buildSettings = {
				ALWAYS_SEARCH_USER_PATHS = NO;
				CLANG_ANALYZER_NONNULL = YES;
				CLANG_ANALYZER_NUMBER_OBJECT_CONVERSION = YES_AGGRESSIVE;
				CLANG_CXX_LANGUAGE_STANDARD = "gnu++17";
				CLANG_ENABLE_MODULES = YES;
				CLANG_ENABLE_OBJC_ARC = YES;
				CLANG_ENABLE_OBJC_WEAK = YES;
				CLANG_WARN_BLOCK_CAPTURE_AUTORELEASING = YES;
				CLANG_WARN_BOOL_CONVERSION = YES;
				CLANG_WARN_COMMA = YES;
				CLANG_WARN_CONSTANT_CONVERSION = YES;
				CLANG_WARN_DEPRECATED_OBJC_IMPLEMENTATIONS = YES;
				CLANG_WARN_DIRECT_OBJC_ISA_USAGE = YES_ERROR;
				CLANG_WARN_DOCUMENTATION_COMMENTS = YES;
				CLANG_WARN_EMPTY_BODY = YES;
				CLANG_WARN_ENUM_CONVERSION = YES;
				CLANG_WARN_INFINITE_RECURSION = YES;
				CLANG_WARN_INT_CONVERSION = YES;
				CLANG_WARN_NON_LITERAL_NULL_CONVERSION = YES;
				CLANG_WARN_OBJC_IMPLICIT_RETAIN_SELF = YES;
				CLANG_WARN_OBJC_LITERAL_CONVERSION = YES;
				CLANG_WARN_OBJC_ROOT_CLASS = YES_ERROR;
				CLANG_WARN_QUOTED_INCLUDE_IN_FRAMEWORK_HEADER = YES;
				CLANG_WARN_RANGE_LOOP_ANALYSIS = YES;
				CLANG_WARN_STRICT_PROTOTYPES = YES;
				CLANG_WARN_SUSPICIOUS_MOVE = YES;
				CLANG_WARN_UNGUARDED_AVAILABILITY = YES_AGGRESSIVE;
				CLANG_WARN_UNREACHABLE_CODE = YES;
				CLANG_WARN__DUPLICATE_METHOD_MATCH = YES;
				COPY_PHASE_STRIP = NO;
				DEBUG_INFORMATION_FORMAT = "dwarf-with-dsym";
				ENABLE_NS_ASSERTIONS = NO;
				ENABLE_STRICT_OBJC_MSGSEND = YES;
				GCC_C_LANGUAGE_STANDARD = gnu11;
				GCC_NO_COMMON_BLOCKS = YES;
				GCC_WARN_64_TO_32_BIT_CONVERSION = YES;
				GCC_WARN_ABOUT_RETURN_TYPE = YES_ERROR;
				GCC_WARN_UNDECLARED_SELECTOR = YES;
				GCC_WARN_UNINITIALIZED_AUTOS = YES_AGGRESSIVE;
				GCC_WARN_UNUSED_FUNCTION = YES;
				GCC_WARN_UNUSED_VARIABLE = YES;
				IPHONEOS_DEPLOYMENT_TARGET = 15.4;
				MTL_ENABLE_DEBUG_INFO = NO;
				MTL_FAST_MATH = YES;
				SDKROOT = iphoneos;
				SWIFT_COMPILATION_MODE = wholemodule;
				SWIFT_OPTIMIZATION_LEVEL = "-O";
				VALIDATE_PRODUCT = YES;
			};
			name = Release;
		};
		E804F8CB2956F37800815E20 /* Debug */ = {
			isa = XCBuildConfiguration;
			buildSettings = {
				ASSETCATALOG_COMPILER_APPICON_NAME = AppIcon;
				ASSETCATALOG_COMPILER_GLOBAL_ACCENT_COLOR_NAME = AccentColor;
				CODE_SIGN_STYLE = Automatic;
				CURRENT_PROJECT_VERSION = 1;
				GENERATE_INFOPLIST_FILE = YES;
				INFOPLIST_FILE = CALayer_MaskDemo_SwiftBook/Info.plist;
				INFOPLIST_KEY_UIApplicationSupportsIndirectInputEvents = YES;
				INFOPLIST_KEY_UILaunchStoryboardName = LaunchScreen;
				INFOPLIST_KEY_UIMainStoryboardFile = Main;
				INFOPLIST_KEY_UISupportedInterfaceOrientations_iPad = "UIInterfaceOrientationPortrait UIInterfaceOrientationPortraitUpsideDown UIInterfaceOrientationLandscapeLeft UIInterfaceOrientationLandscapeRight";
				INFOPLIST_KEY_UISupportedInterfaceOrientations_iPhone = "UIInterfaceOrientationPortrait UIInterfaceOrientationLandscapeLeft UIInterfaceOrientationLandscapeRight";
				LD_RUNPATH_SEARCH_PATHS = (
					"$(inherited)",
					"@executable_path/Frameworks",
				);
				MARKETING_VERSION = 1.0;
				PRODUCT_BUNDLE_IDENTIFIER = "AntonZyabkin.CALayer-MaskDemo-SwiftBook";
				PRODUCT_NAME = "$(TARGET_NAME)";
				SWIFT_EMIT_LOC_STRINGS = YES;
				SWIFT_VERSION = 5.0;
				TARGETED_DEVICE_FAMILY = "1,2";
			};
			name = Debug;
		};
		E804F8CC2956F37800815E20 /* Release */ = {
			isa = XCBuildConfiguration;
			buildSettings = {
				ASSETCATALOG_COMPILER_APPICON_NAME = AppIcon;
				ASSETCATALOG_COMPILER_GLOBAL_ACCENT_COLOR_NAME = AccentColor;
				CODE_SIGN_STYLE = Automatic;
				CURRENT_PROJECT_VERSION = 1;
				GENERATE_INFOPLIST_FILE = YES;
				INFOPLIST_FILE = CALayer_MaskDemo_SwiftBook/Info.plist;
				INFOPLIST_KEY_UIApplicationSupportsIndirectInputEvents = YES;
				INFOPLIST_KEY_UILaunchStoryboardName = LaunchScreen;
				INFOPLIST_KEY_UIMainStoryboardFile = Main;
				INFOPLIST_KEY_UISupportedInterfaceOrientations_iPad = "UIInterfaceOrientationPortrait UIInterfaceOrientationPortraitUpsideDown UIInterfaceOrientationLandscapeLeft UIInterfaceOrientationLandscapeRight";
				INFOPLIST_KEY_UISupportedInterfaceOrientations_iPhone = "UIInterfaceOrientationPortrait UIInterfaceOrientationLandscapeLeft UIInterfaceOrientationLandscapeRight";
				LD_RUNPATH_SEARCH_PATHS = (
					"$(inherited)",
					"@executable_path/Frameworks",
				);
				MARKETING_VERSION = 1.0;
				PRODUCT_BUNDLE_IDENTIFIER = "AntonZyabkin.CALayer-MaskDemo-SwiftBook";
				PRODUCT_NAME = "$(TARGET_NAME)";
				SWIFT_EMIT_LOC_STRINGS = YES;
				SWIFT_VERSION = 5.0;
				TARGETED_DEVICE_FAMILY = "1,2";
			};
			name = Release;
		};
/* End XCBuildConfiguration section */

/* Begin XCConfigurationList section */
		E804F8B12956F37600815E20 /* Build configuration list for PBXProject "CALayer_MaskDemo_SwiftBook" */ = {
			isa = XCConfigurationList;
			buildConfigurations = (
				E804F8C82956F37800815E20 /* Debug */,
				E804F8C92956F37800815E20 /* Release */,
			);
			defaultConfigurationIsVisible = 0;
			defaultConfigurationName = Release;
		};
		E804F8CA2956F37800815E20 /* Build configuration list for PBXNativeTarget "CALayer_MaskDemo_SwiftBook" */ = {
			isa = XCConfigurationList;
			buildConfigurations = (
				E804F8CB2956F37800815E20 /* Debug */,
				E804F8CC2956F37800815E20 /* Release */,
			);
			defaultConfigurationIsVisible = 0;
			defaultConfigurationName = Release;
		};
/* End XCConfigurationList section */
	};
	rootObject = E804F8AE2956F37600815E20 /* Project object */;
}
